
Microsoft Visual Studio Solution File, Format Version 12.00
# Visual Studio Version 16
VisualStudioVersion = 16.0.33529.622
MinimumVisualStudioVersion = 10.0.40219.1
Project("{FAE04EC0-301F-11D3-BF4B-00C04F79EFBC}") = "ConvertWS", "ConvertWS.csproj", "{78F3E023-A64B-482E-A88F-9D010FC18599}"
EndProject
Global
	GlobalSection(SolutionConfigurationPlatforms) = preSolution
		Debug|Any CPU = Debug|Any CPU
		Release|Any CPU = Release|Any CPU
	EndGlobalSection
	GlobalSection(ProjectConfigurationPlatforms) = postSolution
		{78F3E023-A64B-482E-A88F-9D010FC18599}.Debug|Any CPU.ActiveCfg = Debug|Any CPU
		{78F3E023-A64B-482E-A88F-9D010FC18599}.Debug|Any CPU.Build.0 = Debug|Any CPU
		{78F3E023-A64B-482E-A88F-9D010FC18599}.Release|Any CPU.ActiveCfg = Release|Any CPU
		{78F3E023-A64B-482E-A88F-9D010FC18599}.Release|Any CPU.Build.0 = Release|Any CPU
	EndGlobalSection
	GlobalSection(SolutionProperties) = preSolution
		HideSolutionNode = FALSE
	EndGlobalSection
	GlobalSection(ExtensibilityGlobals) = postSolution
		SolutionGuid = {6BF81C42-84C7-413F-9257-66CA582412EB}
	EndGlobalSection
EndGlobal
