
Microsoft Visual Studio Solution File, Format Version 12.00
# Visual Studio Version 16
VisualStudioVersion = 16.0.33529.622
MinimumVisualStudioVersion = 10.0.40219.1
Project("{FAE04EC0-301F-11D3-BF4B-00C04F79EFBC}") = "DataTableWS", "DataTableWS.csproj", "{512BB12D-28E2-461C-8863-D6144CC2A0CC}"
EndProject
Global
	GlobalSection(SolutionConfigurationPlatforms) = preSolution
		Debug|Any CPU = Debug|Any CPU
		Release|Any CPU = Release|Any CPU
	EndGlobalSection
	GlobalSection(ProjectConfigurationPlatforms) = postSolution
		{512BB12D-28E2-461C-8863-D6144CC2A0CC}.Debug|Any CPU.ActiveCfg = Debug|Any CPU
		{512BB12D-28E2-461C-8863-D6144CC2A0CC}.Debug|Any CPU.Build.0 = Debug|Any CPU
		{512BB12D-28E2-461C-8863-D6144CC2A0CC}.Release|Any CPU.ActiveCfg = Release|Any CPU
		{512BB12D-28E2-461C-8863-D6144CC2A0CC}.Release|Any CPU.Build.0 = Release|Any CPU
	EndGlobalSection
	GlobalSection(SolutionProperties) = preSolution
		HideSolutionNode = FALSE
	EndGlobalSection
	GlobalSection(ExtensibilityGlobals) = postSolution
		SolutionGuid = {BE0CAE26-21CD-4878-8269-3B7236AD63D3}
	EndGlobalSection
EndGlobal
